{
  "version": 4,
  "terraform_version": "1.3.7",
  "serial": 23,
  "lineage": "28424ad3-f33b-4d48-ddf9-fdc356599906",
  "outputs": {},
  "resources": [
    {
      "mode": "managed",
      "type": "yandex_compute_image",
      "name": "lemp",
      "provider": "provider[\"registry.terraform.io/yandex-cloud/yandex\"]",
      "instances": [
        {
          "schema_version": 0,
          "attributes": {
            "created_at": "2023-01-06T16:06:39Z",
            "description": "",
            "family": "lemp",
            "folder_id": "b1ghmnbhv26t427tkagk",
            "id": "fd8kvq8ph8ta17hc88qi",
            "labels": null,
            "min_disk_size": 3,
            "name": "my-lemp-image",
            "os_type": null,
            "pooled": false,
            "product_ids": [
              "f2ean61md5q6co9cf3h7",
              "f2eg9kiqs9e1ukkk0ls7"
            ],
            "size": 2,
            "source_disk": null,
            "source_family": null,
            "source_image": "fd8c9koat6nv4qacg49b",
            "source_snapshot": null,
            "source_url": null,
            "status": "ready",
            "timeouts": null
          },
          "sensitive_attributes": [],
          "private": "eyJlMmJmYjczMC1lY2FhLTExZTYtOGY4OC0zNDM2M2JjN2M0YzAiOnsiY3JlYXRlIjozMDAwMDAwMDAwMDAsImRlbGV0ZSI6MzAwMDAwMDAwMDAwLCJ1cGRhdGUiOjMwMDAwMDAwMDAwMH19"
        }
      ]
    },
    {
      "mode": "managed",
      "type": "yandex_vpc_network",
      "name": "network-1",
      "provider": "provider[\"registry.terraform.io/yandex-cloud/yandex\"]",
      "instances": [
        {
          "schema_version": 0,
          "attributes": {
            "created_at": "2023-01-06T15:52:37Z",
            "default_security_group_id": "",
            "description": "",
            "folder_id": "b1ghmnbhv26t427tkagk",
            "id": "enp7rbjancpori5jh3fk",
            "labels": {},
            "name": "network1",
            "subnet_ids": [
              "e9bc9ij3nig2r56quqf2"
            ],
            "timeouts": null
          },
          "sensitive_attributes": [],
          "private": "eyJlMmJmYjczMC1lY2FhLTExZTYtOGY4OC0zNDM2M2JjN2M0YzAiOnsiY3JlYXRlIjo2MDAwMDAwMDAwMCwiZGVsZXRlIjo2MDAwMDAwMDAwMCwidXBkYXRlIjo2MDAwMDAwMDAwMH19"
        }
      ]
    },
    {
      "mode": "managed",
      "type": "yandex_vpc_subnet",
      "name": "subnet-1",
      "provider": "provider[\"registry.terraform.io/yandex-cloud/yandex\"]",
      "instances": [
        {
          "schema_version": 0,
          "attributes": {
            "created_at": "2023-01-06T15:52:37Z",
            "description": "",
            "dhcp_options": [],
            "folder_id": "b1ghmnbhv26t427tkagk",
            "id": "e9bc9ij3nig2r56quqf2",
            "labels": {},
            "name": "subnet1",
            "network_id": "enp7rbjancpori5jh3fk",
            "route_table_id": "",
            "timeouts": null,
            "v4_cidr_blocks": [
              "192.168.10.0/24"
            ],
            "v6_cidr_blocks": [],
            "zone": "ru-central1-a"
          },
          "sensitive_attributes": [],
          "private": "eyJlMmJmYjczMC1lY2FhLTExZTYtOGY4OC0zNDM2M2JjN2M0YzAiOnsiY3JlYXRlIjoxODAwMDAwMDAwMDAsImRlbGV0ZSI6MTgwMDAwMDAwMDAwLCJ1cGRhdGUiOjE4MDAwMDAwMDAwMH19",
          "dependencies": [
            "yandex_vpc_network.network-1"
          ]
        }
      ]
    }
  ],
  "check_results": null
}
