{
  "version": 4,
  "terraform_version": "1.3.7",
  "serial": 25,
  "lineage": "28424ad3-f33b-4d48-ddf9-fdc356599906",
  "outputs": {
    "external_ip_address_vm_1": {
      "value": "51.250.10.157",
      "type": "string"
    },
    "internal_ip_address_vm_1": {
      "value": "192.168.10.21",
      "type": "string"
    }
  },
  "resources": [
    {
      "mode": "managed",
      "type": "yandex_compute_image",
      "name": "lemp",
      "provider": "provider[\"registry.terraform.io/yandex-cloud/yandex\"]",
      "instances": [
        {
          "schema_version": 0,
          "attributes": {
            "created_at": "2023-01-06T16:06:39Z",
            "description": "",
            "family": "lemp",
            "folder_id": "b1ghmnbhv26t427tkagk",
            "id": "fd8kvq8ph8ta17hc88qi",
            "labels": {},
            "min_disk_size": 3,
            "name": "my-lemp-image",
            "os_type": null,
            "pooled": false,
            "product_ids": [
              "f2ean61md5q6co9cf3h7",
              "f2eg9kiqs9e1ukkk0ls7"
            ],
            "size": 2,
            "source_disk": null,
            "source_family": null,
            "source_image": "fd8c9koat6nv4qacg49b",
            "source_snapshot": null,
            "source_url": null,
            "status": "ready",
            "timeouts": null
          },
          "sensitive_attributes": [],
          "private": "eyJlMmJmYjczMC1lY2FhLTExZTYtOGY4OC0zNDM2M2JjN2M0YzAiOnsiY3JlYXRlIjozMDAwMDAwMDAwMDAsImRlbGV0ZSI6MzAwMDAwMDAwMDAwLCJ1cGRhdGUiOjMwMDAwMDAwMDAwMH19"
        }
      ]
    },
    {
      "mode": "managed",
      "type": "yandex_compute_instance",
      "name": "lemp-node-01",
      "provider": "provider[\"registry.terraform.io/yandex-cloud/yandex\"]",
      "instances": [
        {
          "schema_version": 1,
          "attributes": {
            "allow_recreate": null,
            "allow_stopping_for_update": null,
            "boot_disk": [
              {
                "auto_delete": true,
                "device_name": "fhm15ngvjlmhprkj505t",
                "disk_id": "fhm15ngvjlmhprkj505t",
                "initialize_params": [
                  {
                    "block_size": 4096,
                    "description": "",
                    "image_id": "fd8kvq8ph8ta17hc88qi",
                    "name": "",
                    "size": 15,
                    "snapshot_id": "",
                    "type": "network-hdd"
                  }
                ],
                "mode": "READ_WRITE"
              }
            ],
            "created_at": "2023-01-06T16:08:07Z",
            "description": "",
            "filesystem": [],
            "folder_id": "b1ghmnbhv26t427tkagk",
            "fqdn": "lemp-node-01.ru-central1.internal",
            "hostname": "lemp-node-01",
            "id": "fhmmt4lneejmooeefu71",
            "labels": null,
            "local_disk": [],
            "metadata": {
              "user-data": "#cloud-config\nusers:\n  - name: admin\n    groups: sudo\n    shell: /bin/bash\n    sudo: ['ALL=(ALL) NOPASSWD:ALL']\n    ssh_authorized_keys:\n      - ssh-ed25519 AAAAC3NzaC1lZDI1NTE5AAAAIHKSQQciiuTh+xxc3SUh1WBkXX3UeyMyLUnHRNJlR2eq saprikin.anton@gmail.com\n\n"
            },
            "metadata_options": [
              {
                "aws_v1_http_endpoint": 1,
                "aws_v1_http_token": 1,
                "gce_http_endpoint": 1,
                "gce_http_token": 1
              }
            ],
            "name": "lemp-node-01",
            "network_acceleration_type": "standard",
            "network_interface": [
              {
                "dns_record": [],
                "index": 0,
                "ip_address": "192.168.10.21",
                "ipv4": true,
                "ipv6": false,
                "ipv6_address": "",
                "ipv6_dns_record": [],
                "mac_address": "d0:0d:16:e9:2b:77",
                "nat": true,
                "nat_dns_record": [],
                "nat_ip_address": "51.250.10.157",
                "nat_ip_version": "IPV4",
                "security_group_ids": [],
                "subnet_id": "e9bc9ij3nig2r56quqf2"
              }
            ],
            "placement_policy": [
              {
                "host_affinity_rules": [],
                "placement_group_id": ""
              }
            ],
            "platform_id": "standard-v1",
            "resources": [
              {
                "core_fraction": 20,
                "cores": 2,
                "gpus": 0,
                "memory": 2
              }
            ],
            "scheduling_policy": [
              {
                "preemptible": false
              }
            ],
            "secondary_disk": [],
            "service_account_id": "",
            "status": "running",
            "timeouts": null,
            "zone": "ru-central1-a"
          },
          "sensitive_attributes": [],
          "private": "eyJlMmJmYjczMC1lY2FhLTExZTYtOGY4OC0zNDM2M2JjN2M0YzAiOnsiY3JlYXRlIjozMDAwMDAwMDAwMDAsImRlbGV0ZSI6MzAwMDAwMDAwMDAwLCJ1cGRhdGUiOjMwMDAwMDAwMDAwMH0sInNjaGVtYV92ZXJzaW9uIjoiMSJ9",
          "dependencies": [
            "yandex_compute_image.lemp",
            "yandex_vpc_subnet.subnet-1"
          ]
        }
      ]
    },
    {
      "mode": "managed",
      "type": "yandex_vpc_network",
      "name": "network-1",
      "provider": "provider[\"registry.terraform.io/yandex-cloud/yandex\"]",
      "instances": [
        {
          "schema_version": 0,
          "attributes": {
            "created_at": "2023-01-06T15:52:37Z",
            "default_security_group_id": "",
            "description": "",
            "folder_id": "b1ghmnbhv26t427tkagk",
            "id": "enp7rbjancpori5jh3fk",
            "labels": {},
            "name": "network1",
            "subnet_ids": [
              "e9bc9ij3nig2r56quqf2"
            ],
            "timeouts": null
          },
          "sensitive_attributes": [],
          "private": "eyJlMmJmYjczMC1lY2FhLTExZTYtOGY4OC0zNDM2M2JjN2M0YzAiOnsiY3JlYXRlIjo2MDAwMDAwMDAwMCwiZGVsZXRlIjo2MDAwMDAwMDAwMCwidXBkYXRlIjo2MDAwMDAwMDAwMH19"
        }
      ]
    },
    {
      "mode": "managed",
      "type": "yandex_vpc_subnet",
      "name": "subnet-1",
      "provider": "provider[\"registry.terraform.io/yandex-cloud/yandex\"]",
      "instances": [
        {
          "schema_version": 0,
          "attributes": {
            "created_at": "2023-01-06T15:52:37Z",
            "description": "",
            "dhcp_options": [],
            "folder_id": "b1ghmnbhv26t427tkagk",
            "id": "e9bc9ij3nig2r56quqf2",
            "labels": {},
            "name": "subnet1",
            "network_id": "enp7rbjancpori5jh3fk",
            "route_table_id": "",
            "timeouts": null,
            "v4_cidr_blocks": [
              "192.168.10.0/24"
            ],
            "v6_cidr_blocks": [],
            "zone": "ru-central1-a"
          },
          "sensitive_attributes": [],
          "private": "eyJlMmJmYjczMC1lY2FhLTExZTYtOGY4OC0zNDM2M2JjN2M0YzAiOnsiY3JlYXRlIjoxODAwMDAwMDAwMDAsImRlbGV0ZSI6MTgwMDAwMDAwMDAwLCJ1cGRhdGUiOjE4MDAwMDAwMDAwMH19",
          "dependencies": [
            "yandex_vpc_network.network-1"
          ]
        }
      ]
    }
  ],
  "check_results": null
}
